
Microsoft Visual Studio Solution File, Format Version 12.00
# Visual Studio Version 16
VisualStudioVersion = 16.0.29424.173
MinimumVisualStudioVersion = 10.0.40219.1
Project("{9A19103F-16F7-4668-BE54-9A1E7A4F7556}") = "StoreProject", "StoreProject\StoreProject.csproj", "{C9FDC336-C879-47AF-A5C4-D4B59E032CCF}"
EndProject
Project("{9A19103F-16F7-4668-BE54-9A1E7A4F7556}") = "StoreProject.Test", "StoreProject.Test\StoreProject.Test.csproj", "{0E14A678-819A-40BF-BA98-262AA1EFED3F}"
	ProjectSection(ProjectDependencies) = postProject
		{C9FDC336-C879-47AF-A5C4-D4B59E032CCF} = {C9FDC336-C879-47AF-A5C4-D4B59E032CCF}
	EndProjectSection
EndProject
Global
	GlobalSection(SolutionConfigurationPlatforms) = preSolution
		Debug|Any CPU = Debug|Any CPU
		Release|Any CPU = Release|Any CPU
	EndGlobalSection
	GlobalSection(ProjectConfigurationPlatforms) = postSolution
		{C9FDC336-C879-47AF-A5C4-D4B59E032CCF}.Debug|Any CPU.ActiveCfg = Debug|Any CPU
		{C9FDC336-C879-47AF-A5C4-D4B59E032CCF}.Debug|Any CPU.Build.0 = Debug|Any CPU
		{C9FDC336-C879-47AF-A5C4-D4B59E032CCF}.Release|Any CPU.ActiveCfg = Release|Any CPU
		{C9FDC336-C879-47AF-A5C4-D4B59E032CCF}.Release|Any CPU.Build.0 = Release|Any CPU
		{0E14A678-819A-40BF-BA98-262AA1EFED3F}.Debug|Any CPU.ActiveCfg = Debug|Any CPU
		{0E14A678-819A-40BF-BA98-262AA1EFED3F}.Debug|Any CPU.Build.0 = Debug|Any CPU
		{0E14A678-819A-40BF-BA98-262AA1EFED3F}.Release|Any CPU.ActiveCfg = Release|Any CPU
		{0E14A678-819A-40BF-BA98-262AA1EFED3F}.Release|Any CPU.Build.0 = Release|Any CPU
	EndGlobalSection
	GlobalSection(SolutionProperties) = preSolution
		HideSolutionNode = FALSE
	EndGlobalSection
	GlobalSection(ExtensibilityGlobals) = postSolution
		SolutionGuid = {41967EAD-EEFF-495F-A903-D9B1808F47B2}
	EndGlobalSection
EndGlobal
